
Microsoft Visual Studio Solution File, Format Version 12.00
# Visual Studio Version 17
VisualStudioVersion = 17.11.35219.272
MinimumVisualStudioVersion = 10.0.40219.1
Project("{FAE04EC0-301F-11D3-BF4B-00C04F79EFBC}") = "QingYi.Codec", "QingYi.Codec.csproj", "{3FB9534E-8655-47DC-A52F-06CC8A1D4628}"
EndProject
Global
	GlobalSection(SolutionConfigurationPlatforms) = preSolution
		Debug|Any CPU = Debug|Any CPU
		Release|Any CPU = Release|Any CPU
	EndGlobalSection
	GlobalSection(ProjectConfigurationPlatforms) = postSolution
		{3FB9534E-8655-47DC-A52F-06CC8A1D4628}.Debug|Any CPU.ActiveCfg = Debug|Any CPU
		{3FB9534E-8655-47DC-A52F-06CC8A1D4628}.Debug|Any CPU.Build.0 = Debug|Any CPU
		{3FB9534E-8655-47DC-A52F-06CC8A1D4628}.Release|Any CPU.ActiveCfg = Release|Any CPU
		{3FB9534E-8655-47DC-A52F-06CC8A1D4628}.Release|Any CPU.Build.0 = Release|Any CPU
	EndGlobalSection
	GlobalSection(SolutionProperties) = preSolution
		HideSolutionNode = FALSE
	EndGlobalSection
	GlobalSection(ExtensibilityGlobals) = postSolution
		SolutionGuid = {1FFC8733-7D58-4065-93BD-E6A32F20129D}
	EndGlobalSection
EndGlobal
